// !$*UTF8*$!
{
	archiveVersion = 1;
	classes = {
	};
	objectVersion = 56;
	objects = {

/* Begin PBXBuildFile section */
		A781552B28E640F6003058F1 /* UIViewController+Utils.swift in Sources */ = {isa = PBXBuildFile; fileRef = A781552A28E640F6003058F1 /* UIViewController+Utils.swift */; };
		A781552D28E641A8003058F1 /* MainViewController.swift in Sources */ = {isa = PBXBuildFile; fileRef = A781552C28E641A8003058F1 /* MainViewController.swift */; };
		A7A43F2F28E3C47B00D8CB4D /* OnboardingContainerViewController.swift in Sources */ = {isa = PBXBuildFile; fileRef = A7A43F2E28E3C47B00D8CB4D /* OnboardingContainerViewController.swift */; };
		A7A43F3128E3CD7500D8CB4D /* OnboardingViewController.swift in Sources */ = {isa = PBXBuildFile; fileRef = A7A43F3028E3CD7500D8CB4D /* OnboardingViewController.swift */; };
		A7B0FDC828E1C74E00AA830B /* AppDelegate.swift in Sources */ = {isa = PBXBuildFile; fileRef = A7B0FDC728E1C74E00AA830B /* AppDelegate.swift */; };
		A7B0FDCC28E1C74E00AA830B /* LoginViewController.swift in Sources */ = {isa = PBXBuildFile; fileRef = A7B0FDCB28E1C74E00AA830B /* LoginViewController.swift */; };
		A7B0FDD128E1C74F00AA830B /* Assets.xcassets in Resources */ = {isa = PBXBuildFile; fileRef = A7B0FDD028E1C74F00AA830B /* Assets.xcassets */; };
		A7B0FDD428E1C74F00AA830B /* LaunchScreen.storyboard in Resources */ = {isa = PBXBuildFile; fileRef = A7B0FDD228E1C74F00AA830B /* LaunchScreen.storyboard */; };
		A7B0FDDF28E1CB3700AA830B /* LoginView.swift in Sources */ = {isa = PBXBuildFile; fileRef = A7B0FDDE28E1CB3700AA830B /* LoginView.swift */; };
		A7FC850128E49931004E1DB7 /* DummyViewController.swift in Sources */ = {isa = PBXBuildFile; fileRef = A7FC850028E49931004E1DB7 /* DummyViewController.swift */; };
		A7FC852828E512AC004E1DB7 /* LocalState.swift in Sources */ = {isa = PBXBuildFile; fileRef = A7FC852728E512AC004E1DB7 /* LocalState.swift */; };
/* End PBXBuildFile section */

/* Begin PBXFileReference section */
		A781552A28E640F6003058F1 /* UIViewController+Utils.swift */ = {isa = PBXFileReference; lastKnownFileType = sourcecode.swift; path = "UIViewController+Utils.swift"; sourceTree = "<group>"; };
		A781552C28E641A8003058F1 /* MainViewController.swift */ = {isa = PBXFileReference; lastKnownFileType = sourcecode.swift; path = MainViewController.swift; sourceTree = "<group>"; };
		A7A43F2E28E3C47B00D8CB4D /* OnboardingContainerViewController.swift */ = {isa = PBXFileReference; lastKnownFileType = sourcecode.swift; path = OnboardingContainerViewController.swift; sourceTree = "<group>"; };
		A7A43F3028E3CD7500D8CB4D /* OnboardingViewController.swift */ = {isa = PBXFileReference; lastKnownFileType = sourcecode.swift; path = OnboardingViewController.swift; sourceTree = "<group>"; };
		A7B0FDC428E1C74E00AA830B /* Bankey.app */ = {isa = PBXFileReference; explicitFileType = wrapper.application; includeInIndex = 0; path = Bankey.app; sourceTree = BUILT_PRODUCTS_DIR; };
		A7B0FDC728E1C74E00AA830B /* AppDelegate.swift */ = {isa = PBXFileReference; lastKnownFileType = sourcecode.swift; path = AppDelegate.swift; sourceTree = "<group>"; };
		A7B0FDCB28E1C74E00AA830B /* LoginViewController.swift */ = {isa = PBXFileReference; lastKnownFileType = sourcecode.swift; path = LoginViewController.swift; sourceTree = "<group>"; };
		A7B0FDD028E1C74F00AA830B /* Assets.xcassets */ = {isa = PBXFileReference; lastKnownFileType = folder.assetcatalog; path = Assets.xcassets; sourceTree = "<group>"; };
		A7B0FDD328E1C74F00AA830B /* Base */ = {isa = PBXFileReference; lastKnownFileType = file.storyboard; name = Base; path = Base.lproj/LaunchScreen.storyboard; sourceTree = "<group>"; };
		A7B0FDD528E1C74F00AA830B /* Info.plist */ = {isa = PBXFileReference; lastKnownFileType = text.plist.xml; path = Info.plist; sourceTree = "<group>"; };
		A7B0FDDE28E1CB3700AA830B /* LoginView.swift */ = {isa = PBXFileReference; lastKnownFileType = sourcecode.swift; path = LoginView.swift; sourceTree = "<group>"; };
		A7FC850028E49931004E1DB7 /* DummyViewController.swift */ = {isa = PBXFileReference; lastKnownFileType = sourcecode.swift; path = DummyViewController.swift; sourceTree = "<group>"; };
		A7FC852728E512AC004E1DB7 /* LocalState.swift */ = {isa = PBXFileReference; lastKnownFileType = sourcecode.swift; path = LocalState.swift; sourceTree = "<group>"; };
/* End PBXFileReference section */

/* Begin PBXFrameworksBuildPhase section */
		A7B0FDC128E1C74E00AA830B /* Frameworks */ = {
			isa = PBXFrameworksBuildPhase;
			buildActionMask = 2147483647;
			files = (
			);
			runOnlyForDeploymentPostprocessing = 0;
		};
/* End PBXFrameworksBuildPhase section */

/* Begin PBXGroup section */
		A7A43F2D28E3C45000D8CB4D /* Onboarding */ = {
			isa = PBXGroup;
			children = (
				A7A43F2E28E3C47B00D8CB4D /* OnboardingContainerViewController.swift */,
				A7A43F3028E3CD7500D8CB4D /* OnboardingViewController.swift */,
			);
			path = Onboarding;
			sourceTree = "<group>";
		};
		A7B0FDBB28E1C74E00AA830B = {
			isa = PBXGroup;
			children = (
				A7B0FDC628E1C74E00AA830B /* Bankey */,
				A7B0FDC528E1C74E00AA830B /* Products */,
			);
			sourceTree = "<group>";
		};
		A7B0FDC528E1C74E00AA830B /* Products */ = {
			isa = PBXGroup;
			children = (
				A7B0FDC428E1C74E00AA830B /* Bankey.app */,
			);
			name = Products;
			sourceTree = "<group>";
		};
		A7B0FDC628E1C74E00AA830B /* Bankey */ = {
			isa = PBXGroup;
			children = (
				A7B0FDC728E1C74E00AA830B /* AppDelegate.swift */,
				A7B0FDDD28E1CB0200AA830B /* Login */,
				A7A43F2D28E3C45000D8CB4D /* Onboarding */,
				A7FC852628E51295004E1DB7 /* Utils */,
				A7B0FDDC28E1CABF00AA830B /* Files */,
				A781552C28E641A8003058F1 /* MainViewController.swift */,
			);
			path = Bankey;
			sourceTree = "<group>";
		};
		A7B0FDDC28E1CABF00AA830B /* Files */ = {
			isa = PBXGroup;
			children = (
				A7B0FDD028E1C74F00AA830B /* Assets.xcassets */,
				A7B0FDD228E1C74F00AA830B /* LaunchScreen.storyboard */,
				A7B0FDD528E1C74F00AA830B /* Info.plist */,
			);
			name = Files;
			sourceTree = "<group>";
		};
		A7B0FDDD28E1CB0200AA830B /* Login */ = {
			isa = PBXGroup;
			children = (
				A7B0FDCB28E1C74E00AA830B /* LoginViewController.swift */,
				A7B0FDDE28E1CB3700AA830B /* LoginView.swift */,
				A7FC850028E49931004E1DB7 /* DummyViewController.swift */,
			);
			path = Login;
			sourceTree = "<group>";
		};
		A7FC852628E51295004E1DB7 /* Utils */ = {
			isa = PBXGroup;
			children = (
				A7FC852728E512AC004E1DB7 /* LocalState.swift */,
				A781552A28E640F6003058F1 /* UIViewController+Utils.swift */,
			);
			path = Utils;
			sourceTree = "<group>";
		};
/* End PBXGroup section */

/* Begin PBXNativeTarget section */
		A7B0FDC328E1C74E00AA830B /* Bankey */ = {
			isa = PBXNativeTarget;
			buildConfigurationList = A7B0FDD828E1C74F00AA830B /* Build configuration list for PBXNativeTarget "Bankey" */;
			buildPhases = (
				A7B0FDC028E1C74E00AA830B /* Sources */,
				A7B0FDC128E1C74E00AA830B /* Frameworks */,
				A7B0FDC228E1C74E00AA830B /* Resources */,
			);
			buildRules = (
			);
			dependencies = (
			);
			name = Bankey;
			productName = Bankey;
			productReference = A7B0FDC428E1C74E00AA830B /* Bankey.app */;
			productType = "com.apple.product-type.application";
		};
/* End PBXNativeTarget section */

/* Begin PBXProject section */
		A7B0FDBC28E1C74E00AA830B /* Project object */ = {
			isa = PBXProject;
			attributes = {
				BuildIndependentTargetsInParallel = 1;
				LastSwiftUpdateCheck = 1400;
				LastUpgradeCheck = 1400;
				TargetAttributes = {
					A7B0FDC328E1C74E00AA830B = {
						CreatedOnToolsVersion = 14.0;
					};
				};
			};
			buildConfigurationList = A7B0FDBF28E1C74E00AA830B /* Build configuration list for PBXProject "Bankey" */;
			compatibilityVersion = "Xcode 14.0";
			developmentRegion = en;
			hasScannedForEncodings = 0;
			knownRegions = (
				en,
				Base,
			);
			mainGroup = A7B0FDBB28E1C74E00AA830B;
			productRefGroup = A7B0FDC528E1C74E00AA830B /* Products */;
			projectDirPath = "";
			projectRoot = "";
			targets = (
				A7B0FDC328E1C74E00AA830B /* Bankey */,
			);
		};
/* End PBXProject section */

/* Begin PBXResourcesBuildPhase section */
		A7B0FDC228E1C74E00AA830B /* Resources */ = {
			isa = PBXResourcesBuildPhase;
			buildActionMask = 2147483647;
			files = (
				A7B0FDD428E1C74F00AA830B /* LaunchScreen.storyboard in Resources */,
				A7B0FDD128E1C74F00AA830B /* Assets.xcassets in Resources */,
			);
			runOnlyForDeploymentPostprocessing = 0;
		};
/* End PBXResourcesBuildPhase section */

/* Begin PBXSourcesBuildPhase section */
		A7B0FDC028E1C74E00AA830B /* Sources */ = {
			isa = PBXSourcesBuildPhase;
			buildActionMask = 2147483647;
			files = (
				A781552B28E640F6003058F1 /* UIViewController+Utils.swift in Sources */,
				A7B0FDDF28E1CB3700AA830B /* LoginView.swift in Sources */,
				A7FC852828E512AC004E1DB7 /* LocalState.swift in Sources */,
				A7FC850128E49931004E1DB7 /* DummyViewController.swift in Sources */,
				A7B0FDCC28E1C74E00AA830B /* LoginViewController.swift in Sources */,
				A7A43F3128E3CD7500D8CB4D /* OnboardingViewController.swift in Sources */,
				A781552D28E641A8003058F1 /* MainViewController.swift in Sources */,
				A7B0FDC828E1C74E00AA830B /* AppDelegate.swift in Sources */,
				A7A43F2F28E3C47B00D8CB4D /* OnboardingContainerViewController.swift in Sources */,
			);
			runOnlyForDeploymentPostprocessing = 0;
		};
/* End PBXSourcesBuildPhase section */

/* Begin PBXVariantGroup section */
		A7B0FDD228E1C74F00AA830B /* LaunchScreen.storyboard */ = {
			isa = PBXVariantGroup;
			children = (
				A7B0FDD328E1C74F00AA830B /* Base */,
			);
			name = LaunchScreen.storyboard;
			sourceTree = "<group>";
		};
/* End PBXVariantGroup section */

/* Begin XCBuildConfiguration section */
		A7B0FDD628E1C74F00AA830B /* Debug */ = {
			isa = XCBuildConfiguration;
			buildSettings = {
				ALWAYS_SEARCH_USER_PATHS = NO;
				CLANG_ANALYZER_NONNULL = YES;
				CLANG_ANALYZER_NUMBER_OBJECT_CONVERSION = YES_AGGRESSIVE;
				CLANG_CXX_LANGUAGE_STANDARD = "gnu++20";
				CLANG_ENABLE_MODULES = YES;
				CLANG_ENABLE_OBJC_ARC = YES;
				CLANG_ENABLE_OBJC_WEAK = YES;
				CLANG_WARN_BLOCK_CAPTURE_AUTORELEASING = YES;
				CLANG_WARN_BOOL_CONVERSION = YES;
				CLANG_WARN_COMMA = YES;
				CLANG_WARN_CONSTANT_CONVERSION = YES;
				CLANG_WARN_DEPRECATED_OBJC_IMPLEMENTATIONS = YES;
				CLANG_WARN_DIRECT_OBJC_ISA_USAGE = YES_ERROR;
				CLANG_WARN_DOCUMENTATION_COMMENTS = YES;
				CLANG_WARN_EMPTY_BODY = YES;
				CLANG_WARN_ENUM_CONVERSION = YES;
				CLANG_WARN_INFINITE_RECURSION = YES;
				CLANG_WARN_INT_CONVERSION = YES;
				CLANG_WARN_NON_LITERAL_NULL_CONVERSION = YES;
				CLANG_WARN_OBJC_IMPLICIT_RETAIN_SELF = YES;
				CLANG_WARN_OBJC_LITERAL_CONVERSION = YES;
				CLANG_WARN_OBJC_ROOT_CLASS = YES_ERROR;
				CLANG_WARN_QUOTED_INCLUDE_IN_FRAMEWORK_HEADER = YES;
				CLANG_WARN_RANGE_LOOP_ANALYSIS = YES;
				CLANG_WARN_STRICT_PROTOTYPES = YES;
				CLANG_WARN_SUSPICIOUS_MOVE = YES;
				CLANG_WARN_UNGUARDED_AVAILABILITY = YES_AGGRESSIVE;
				CLANG_WARN_UNREACHABLE_CODE = YES;
				CLANG_WARN__DUPLICATE_METHOD_MATCH = YES;
				COPY_PHASE_STRIP = NO;
				DEBUG_INFORMATION_FORMAT = dwarf;
				ENABLE_STRICT_OBJC_MSGSEND = YES;
				ENABLE_TESTABILITY = YES;
				GCC_C_LANGUAGE_STANDARD = gnu11;
				GCC_DYNAMIC_NO_PIC = NO;
				GCC_NO_COMMON_BLOCKS = YES;
				GCC_OPTIMIZATION_LEVEL = 0;
				GCC_PREPROCESSOR_DEFINITIONS = (
					"DEBUG=1",
					"$(inherited)",
				);
				GCC_WARN_64_TO_32_BIT_CONVERSION = YES;
				GCC_WARN_ABOUT_RETURN_TYPE = YES_ERROR;
				GCC_WARN_UNDECLARED_SELECTOR = YES;
				GCC_WARN_UNINITIALIZED_AUTOS = YES_AGGRESSIVE;
				GCC_WARN_UNUSED_FUNCTION = YES;
				GCC_WARN_UNUSED_VARIABLE = YES;
				IPHONEOS_DEPLOYMENT_TARGET = 16.0;
				MTL_ENABLE_DEBUG_INFO = INCLUDE_SOURCE;
				MTL_FAST_MATH = YES;
				ONLY_ACTIVE_ARCH = YES;
				SDKROOT = iphoneos;
				SWIFT_ACTIVE_COMPILATION_CONDITIONS = DEBUG;
				SWIFT_OPTIMIZATION_LEVEL = "-Onone";
			};
			name = Debug;
		};
		A7B0FDD728E1C74F00AA830B /* Release */ = {
			isa = XCBuildConfiguration;
			buildSettings = {
				ALWAYS_SEARCH_USER_PATHS = NO;
				CLANG_ANALYZER_NONNULL = YES;
				CLANG_ANALYZER_NUMBER_OBJECT_CONVERSION = YES_AGGRESSIVE;
				CLANG_CXX_LANGUAGE_STANDARD = "gnu++20";
				CLANG_ENABLE_MODULES = YES;
				CLANG_ENABLE_OBJC_ARC = YES;
				CLANG_ENABLE_OBJC_WEAK = YES;
				CLANG_WARN_BLOCK_CAPTURE_AUTORELEASING = YES;
				CLANG_WARN_BOOL_CONVERSION = YES;
				CLANG_WARN_COMMA = YES;
				CLANG_WARN_CONSTANT_CONVERSION = YES;
				CLANG_WARN_DEPRECATED_OBJC_IMPLEMENTATIONS = YES;
				CLANG_WARN_DIRECT_OBJC_ISA_USAGE = YES_ERROR;
				CLANG_WARN_DOCUMENTATION_COMMENTS = YES;
				CLANG_WARN_EMPTY_BODY = YES;
				CLANG_WARN_ENUM_CONVERSION = YES;
				CLANG_WARN_INFINITE_RECURSION = YES;
				CLANG_WARN_INT_CONVERSION = YES;
				CLANG_WARN_NON_LITERAL_NULL_CONVERSION = YES;
				CLANG_WARN_OBJC_IMPLICIT_RETAIN_SELF = YES;
				CLANG_WARN_OBJC_LITERAL_CONVERSION = YES;
				CLANG_WARN_OBJC_ROOT_CLASS = YES_ERROR;
				CLANG_WARN_QUOTED_INCLUDE_IN_FRAMEWORK_HEADER = YES;
				CLANG_WARN_RANGE_LOOP_ANALYSIS = YES;
				CLANG_WARN_STRICT_PROTOTYPES = YES;
				CLANG_WARN_SUSPICIOUS_MOVE = YES;
				CLANG_WARN_UNGUARDED_AVAILABILITY = YES_AGGRESSIVE;
				CLANG_WARN_UNREACHABLE_CODE = YES;
				CLANG_WARN__DUPLICATE_METHOD_MATCH = YES;
				COPY_PHASE_STRIP = NO;
				DEBUG_INFORMATION_FORMAT = "dwarf-with-dsym";
				ENABLE_NS_ASSERTIONS = NO;
				ENABLE_STRICT_OBJC_MSGSEND = YES;
				GCC_C_LANGUAGE_STANDARD = gnu11;
				GCC_NO_COMMON_BLOCKS = YES;
				GCC_WARN_64_TO_32_BIT_CONVERSION = YES;
				GCC_WARN_ABOUT_RETURN_TYPE = YES_ERROR;
				GCC_WARN_UNDECLARED_SELECTOR = YES;
				GCC_WARN_UNINITIALIZED_AUTOS = YES_AGGRESSIVE;
				GCC_WARN_UNUSED_FUNCTION = YES;
				GCC_WARN_UNUSED_VARIABLE = YES;
				IPHONEOS_DEPLOYMENT_TARGET = 16.0;
				MTL_ENABLE_DEBUG_INFO = NO;
				MTL_FAST_MATH = YES;
				SDKROOT = iphoneos;
				SWIFT_COMPILATION_MODE = wholemodule;
				SWIFT_OPTIMIZATION_LEVEL = "-O";
				VALIDATE_PRODUCT = YES;
			};
			name = Release;
		};
		A7B0FDD928E1C74F00AA830B /* Debug */ = {
			isa = XCBuildConfiguration;
			buildSettings = {
				ASSETCATALOG_COMPILER_APPICON_NAME = AppIcon;
				ASSETCATALOG_COMPILER_GLOBAL_ACCENT_COLOR_NAME = AccentColor;
				CODE_SIGN_STYLE = Automatic;
				CURRENT_PROJECT_VERSION = 1;
				DEVELOPMENT_TEAM = U6MH9K55GC;
				GENERATE_INFOPLIST_FILE = YES;
				INFOPLIST_FILE = Bankey/Info.plist;
				INFOPLIST_KEY_UIApplicationSupportsIndirectInputEvents = YES;
				INFOPLIST_KEY_UILaunchStoryboardName = LaunchScreen;
				INFOPLIST_KEY_UISupportedInterfaceOrientations_iPad = "UIInterfaceOrientationPortrait UIInterfaceOrientationPortraitUpsideDown UIInterfaceOrientationLandscapeLeft UIInterfaceOrientationLandscapeRight";
				INFOPLIST_KEY_UISupportedInterfaceOrientations_iPhone = "UIInterfaceOrientationPortrait UIInterfaceOrientationLandscapeLeft UIInterfaceOrientationLandscapeRight";
				LD_RUNPATH_SEARCH_PATHS = (
					"$(inherited)",
					"@executable_path/Frameworks",
				);
				MARKETING_VERSION = 1.0;
				PRODUCT_BUNDLE_IDENTIFIER = com.muayad.RichAppIOs.Bankey;
				PRODUCT_NAME = "$(TARGET_NAME)";
				SWIFT_EMIT_LOC_STRINGS = YES;
				SWIFT_VERSION = 5.0;
				TARGETED_DEVICE_FAMILY = "1,2";
			};
			name = Debug;
		};
		A7B0FDDA28E1C74F00AA830B /* Release */ = {
			isa = XCBuildConfiguration;
			buildSettings = {
				ASSETCATALOG_COMPILER_APPICON_NAME = AppIcon;
				ASSETCATALOG_COMPILER_GLOBAL_ACCENT_COLOR_NAME = AccentColor;
				CODE_SIGN_STYLE = Automatic;
				CURRENT_PROJECT_VERSION = 1;
				DEVELOPMENT_TEAM = U6MH9K55GC;
				GENERATE_INFOPLIST_FILE = YES;
				INFOPLIST_FILE = Bankey/Info.plist;
				INFOPLIST_KEY_UIApplicationSupportsIndirectInputEvents = YES;
				INFOPLIST_KEY_UILaunchStoryboardName = LaunchScreen;
				INFOPLIST_KEY_UISupportedInterfaceOrientations_iPad = "UIInterfaceOrientationPortrait UIInterfaceOrientationPortraitUpsideDown UIInterfaceOrientationLandscapeLeft UIInterfaceOrientationLandscapeRight";
				INFOPLIST_KEY_UISupportedInterfaceOrientations_iPhone = "UIInterfaceOrientationPortrait UIInterfaceOrientationLandscapeLeft UIInterfaceOrientationLandscapeRight";
				LD_RUNPATH_SEARCH_PATHS = (
					"$(inherited)",
					"@executable_path/Frameworks",
				);
				MARKETING_VERSION = 1.0;
				PRODUCT_BUNDLE_IDENTIFIER = com.muayad.RichAppIOs.Bankey;
				PRODUCT_NAME = "$(TARGET_NAME)";
				SWIFT_EMIT_LOC_STRINGS = YES;
				SWIFT_VERSION = 5.0;
				TARGETED_DEVICE_FAMILY = "1,2";
			};
			name = Release;
		};
/* End XCBuildConfiguration section */

/* Begin XCConfigurationList section */
		A7B0FDBF28E1C74E00AA830B /* Build configuration list for PBXProject "Bankey" */ = {
			isa = XCConfigurationList;
			buildConfigurations = (
				A7B0FDD628E1C74F00AA830B /* Debug */,
				A7B0FDD728E1C74F00AA830B /* Release */,
			);
			defaultConfigurationIsVisible = 0;
			defaultConfigurationName = Release;
		};
		A7B0FDD828E1C74F00AA830B /* Build configuration list for PBXNativeTarget "Bankey" */ = {
			isa = XCConfigurationList;
			buildConfigurations = (
				A7B0FDD928E1C74F00AA830B /* Debug */,
				A7B0FDDA28E1C74F00AA830B /* Release */,
			);
			defaultConfigurationIsVisible = 0;
			defaultConfigurationName = Release;
		};
/* End XCConfigurationList section */
	};
	rootObject = A7B0FDBC28E1C74E00AA830B /* Project object */;
}
